
Microsoft Visual Studio Solution File, Format Version 12.00
Project("{2150E333-8FDC-42A3-9474-1A3956D46DE8}") = "Wallet.Server.DAL", "Wallet.Server.DAL", "{3E94DC70-3FFD-4CC2-90E9-7E7E5C95CE68}"
EndProject
Project("{FAE04EC0-301F-11D3-BF4B-00C04F79EFBC}") = "Wallet.Server.DAL", "Wallet.Server.DAL\Wallet.Server.DAL.csproj", "{C255ABA7-DC48-4E99-8331-ADF2EED2AFAC}"
EndProject
Project("{2150E333-8FDC-42A3-9474-1A3956D46DE8}") = "Wallet.Server.BL", "Wallet.Server.BL", "{18EF1061-6DE5-401C-9E66-0701B6DC493D}"
EndProject
Project("{FAE04EC0-301F-11D3-BF4B-00C04F79EFBC}") = "Wallet.Service", "Wallet.Service\Wallet.Service.csproj", "{C79ADBA8-B7E2-452B-B63C-E7F8DAF768F8}"
EndProject
Project("{2150E333-8FDC-42A3-9474-1A3956D46DE8}") = "Wallet.WebAPI", "Wallet.WebAPI", "{5943E996-24BA-467E-9FDC-7AA856CC511B}"
EndProject
Project("{FAE04EC0-301F-11D3-BF4B-00C04F79EFBC}") = "WalletWeb.API", "WalletWeb.API\WalletWeb.API.csproj", "{A834E577-BE41-4465-8365-443728778CAE}"
EndProject
Project("{FAE04EC0-301F-11D3-BF4B-00C04F79EFBC}") = "Wallet.Model", "Wallet.Model\Wallet.Model.csproj", "{A0F09BF1-540D-46A6-BE77-89D6343B0974}"
EndProject
Project("{FAE04EC0-301F-11D3-BF4B-00C04F79EFBC}") = "Test", "Test\Test.csproj", "{79FEB305-5201-4995-9BB5-2F47DE71C21E}"
EndProject
Project("{FAE04EC0-301F-11D3-BF4B-00C04F79EFBC}") = "Wallet.Client.DAL", "Wallet.Client.DAL\Wallet.Client.DAL.csproj", "{F15CFAC6-E96C-4D39-B728-0D91F828C6F9}"
EndProject
Project("{FAE04EC0-301F-11D3-BF4B-00C04F79EFBC}") = "Wallet.Client.BL", "Wallet.Client.BL\Wallet.Client.BL.csproj", "{736010CD-6910-46CF-8888-12946A69B9F8}"
EndProject
Project("{FAE04EC0-301F-11D3-BF4B-00C04F79EFBC}") = "Wallet.Client.Login", "Wallet.Client.Login\Wallet.Client.Login.csproj", "{8223F9BA-D537-4759-9C0B-2FE32407E9DA}"
EndProject
Project("{2150E333-8FDC-42A3-9474-1A3956D46DE8}") = "Wallet.Desktop.App", "Wallet.Desktop.App", "{354ACCB5-34C6-4AB3-A8E8-F356F8B399EB}"
EndProject
Project("{FAE04EC0-301F-11D3-BF4B-00C04F79EFBC}") = "Wallet.Desktop", "Wallet.Desktop\Wallet.Desktop.csproj", "{A7EC593C-026A-4171-B785-EBAA4B8B2C95}"
EndProject
Project("{2150E333-8FDC-42A3-9474-1A3956D46DE8}") = "UserCache", "UserCache", "{DF29F0C2-1318-4231-9165-7F5C94EC4542}"
EndProject
Project("{FAE04EC0-301F-11D3-BF4B-00C04F79EFBC}") = "Cache", "Cache\Cache.csproj", "{096B8394-A08C-41C0-9F68-3490A8212413}"
EndProject
Project("{2150E333-8FDC-42A3-9474-1A3956D46DE8}") = "Wallet.Desktop.BL", "Wallet.Desktop.BL", "{8680455F-DE57-4265-A6B3-0C2B1008A139}"
EndProject
Project("{FAE04EC0-301F-11D3-BF4B-00C04F79EFBC}") = "DesktopBL", "DesktopBL\DesktopBL.csproj", "{6E4FF6F3-6E2C-4A37-B7D9-B9A02243F8FB}"
EndProject
Global
	GlobalSection(SolutionConfigurationPlatforms) = preSolution
		Debug|Any CPU = Debug|Any CPU
		Release|Any CPU = Release|Any CPU
	EndGlobalSection
	GlobalSection(ProjectConfigurationPlatforms) = postSolution
		{C255ABA7-DC48-4E99-8331-ADF2EED2AFAC}.Debug|Any CPU.ActiveCfg = Debug|Any CPU
		{C255ABA7-DC48-4E99-8331-ADF2EED2AFAC}.Debug|Any CPU.Build.0 = Debug|Any CPU
		{C255ABA7-DC48-4E99-8331-ADF2EED2AFAC}.Release|Any CPU.ActiveCfg = Release|Any CPU
		{C255ABA7-DC48-4E99-8331-ADF2EED2AFAC}.Release|Any CPU.Build.0 = Release|Any CPU
		{C79ADBA8-B7E2-452B-B63C-E7F8DAF768F8}.Debug|Any CPU.ActiveCfg = Debug|Any CPU
		{C79ADBA8-B7E2-452B-B63C-E7F8DAF768F8}.Debug|Any CPU.Build.0 = Debug|Any CPU
		{C79ADBA8-B7E2-452B-B63C-E7F8DAF768F8}.Release|Any CPU.ActiveCfg = Release|Any CPU
		{C79ADBA8-B7E2-452B-B63C-E7F8DAF768F8}.Release|Any CPU.Build.0 = Release|Any CPU
		{A834E577-BE41-4465-8365-443728778CAE}.Debug|Any CPU.ActiveCfg = Debug|Any CPU
		{A834E577-BE41-4465-8365-443728778CAE}.Debug|Any CPU.Build.0 = Debug|Any CPU
		{A834E577-BE41-4465-8365-443728778CAE}.Release|Any CPU.ActiveCfg = Release|Any CPU
		{A834E577-BE41-4465-8365-443728778CAE}.Release|Any CPU.Build.0 = Release|Any CPU
		{A0F09BF1-540D-46A6-BE77-89D6343B0974}.Debug|Any CPU.ActiveCfg = Debug|Any CPU
		{A0F09BF1-540D-46A6-BE77-89D6343B0974}.Debug|Any CPU.Build.0 = Debug|Any CPU
		{A0F09BF1-540D-46A6-BE77-89D6343B0974}.Release|Any CPU.ActiveCfg = Release|Any CPU
		{A0F09BF1-540D-46A6-BE77-89D6343B0974}.Release|Any CPU.Build.0 = Release|Any CPU
		{79FEB305-5201-4995-9BB5-2F47DE71C21E}.Debug|Any CPU.ActiveCfg = Debug|Any CPU
		{79FEB305-5201-4995-9BB5-2F47DE71C21E}.Debug|Any CPU.Build.0 = Debug|Any CPU
		{79FEB305-5201-4995-9BB5-2F47DE71C21E}.Release|Any CPU.ActiveCfg = Release|Any CPU
		{79FEB305-5201-4995-9BB5-2F47DE71C21E}.Release|Any CPU.Build.0 = Release|Any CPU
		{F15CFAC6-E96C-4D39-B728-0D91F828C6F9}.Debug|Any CPU.ActiveCfg = Debug|Any CPU
		{F15CFAC6-E96C-4D39-B728-0D91F828C6F9}.Debug|Any CPU.Build.0 = Debug|Any CPU
		{F15CFAC6-E96C-4D39-B728-0D91F828C6F9}.Release|Any CPU.ActiveCfg = Release|Any CPU
		{F15CFAC6-E96C-4D39-B728-0D91F828C6F9}.Release|Any CPU.Build.0 = Release|Any CPU
		{736010CD-6910-46CF-8888-12946A69B9F8}.Debug|Any CPU.ActiveCfg = Debug|Any CPU
		{736010CD-6910-46CF-8888-12946A69B9F8}.Debug|Any CPU.Build.0 = Debug|Any CPU
		{736010CD-6910-46CF-8888-12946A69B9F8}.Release|Any CPU.ActiveCfg = Release|Any CPU
		{736010CD-6910-46CF-8888-12946A69B9F8}.Release|Any CPU.Build.0 = Release|Any CPU
		{8223F9BA-D537-4759-9C0B-2FE32407E9DA}.Debug|Any CPU.ActiveCfg = Debug|Any CPU
		{8223F9BA-D537-4759-9C0B-2FE32407E9DA}.Debug|Any CPU.Build.0 = Debug|Any CPU
		{8223F9BA-D537-4759-9C0B-2FE32407E9DA}.Release|Any CPU.ActiveCfg = Release|Any CPU
		{8223F9BA-D537-4759-9C0B-2FE32407E9DA}.Release|Any CPU.Build.0 = Release|Any CPU
		{A7EC593C-026A-4171-B785-EBAA4B8B2C95}.Debug|Any CPU.ActiveCfg = Debug|Any CPU
		{A7EC593C-026A-4171-B785-EBAA4B8B2C95}.Debug|Any CPU.Build.0 = Debug|Any CPU
		{A7EC593C-026A-4171-B785-EBAA4B8B2C95}.Release|Any CPU.ActiveCfg = Release|Any CPU
		{A7EC593C-026A-4171-B785-EBAA4B8B2C95}.Release|Any CPU.Build.0 = Release|Any CPU
		{096B8394-A08C-41C0-9F68-3490A8212413}.Debug|Any CPU.ActiveCfg = Debug|Any CPU
		{096B8394-A08C-41C0-9F68-3490A8212413}.Debug|Any CPU.Build.0 = Debug|Any CPU
		{096B8394-A08C-41C0-9F68-3490A8212413}.Release|Any CPU.ActiveCfg = Release|Any CPU
		{096B8394-A08C-41C0-9F68-3490A8212413}.Release|Any CPU.Build.0 = Release|Any CPU
		{6E4FF6F3-6E2C-4A37-B7D9-B9A02243F8FB}.Debug|Any CPU.ActiveCfg = Debug|Any CPU
		{6E4FF6F3-6E2C-4A37-B7D9-B9A02243F8FB}.Debug|Any CPU.Build.0 = Debug|Any CPU
		{6E4FF6F3-6E2C-4A37-B7D9-B9A02243F8FB}.Release|Any CPU.ActiveCfg = Release|Any CPU
		{6E4FF6F3-6E2C-4A37-B7D9-B9A02243F8FB}.Release|Any CPU.Build.0 = Release|Any CPU
	EndGlobalSection
	GlobalSection(NestedProjects) = preSolution
		{C255ABA7-DC48-4E99-8331-ADF2EED2AFAC} = {3E94DC70-3FFD-4CC2-90E9-7E7E5C95CE68}
		{C79ADBA8-B7E2-452B-B63C-E7F8DAF768F8} = {18EF1061-6DE5-401C-9E66-0701B6DC493D}
		{A834E577-BE41-4465-8365-443728778CAE} = {5943E996-24BA-467E-9FDC-7AA856CC511B}
		{A7EC593C-026A-4171-B785-EBAA4B8B2C95} = {354ACCB5-34C6-4AB3-A8E8-F356F8B399EB}
		{DF29F0C2-1318-4231-9165-7F5C94EC4542} = {354ACCB5-34C6-4AB3-A8E8-F356F8B399EB}
		{096B8394-A08C-41C0-9F68-3490A8212413} = {DF29F0C2-1318-4231-9165-7F5C94EC4542}
		{8680455F-DE57-4265-A6B3-0C2B1008A139} = {354ACCB5-34C6-4AB3-A8E8-F356F8B399EB}
		{6E4FF6F3-6E2C-4A37-B7D9-B9A02243F8FB} = {8680455F-DE57-4265-A6B3-0C2B1008A139}
	EndGlobalSection
EndGlobal
